<?xml version="1.0" encoding="utf-8"?>
<Project xmlns="http://schemas.microsoft.com/developer/msbuild/2003">
  <ItemGroup>
    <Filter Include="Form Files">
      <UniqueIdentifier>{99349809-55BA-4b9d-BF79-8FDBB0286EB3}</UniqueIdentifier>
      <Extensions>ui</Extensions>
      <ParseFiles>false</ParseFiles>
    </Filter>
    <Filter Include="Form Files">
      <UniqueIdentifier>{99349809-55BA-4b9d-BF79-8FDBB0286EB3}</UniqueIdentifier>
      <Extensions>ui</Extensions>
      <ParseFiles>false</ParseFiles>
    </Filter>
    <Filter Include="Generated Files">
      <UniqueIdentifier>{71ED8ED8-ACB9-4CE9-BBE1-E00B30144E11}</UniqueIdentifier>
      <Extensions>cpp;c;cxx;moc;h;def;odl;idl;res;</Extensions>
    </Filter>
    <Filter Include="Generated Files">
      <UniqueIdentifier>{71ED8ED8-ACB9-4CE9-BBE1-E00B30144E11}</UniqueIdentifier>
      <Extensions>cpp;c;cxx;moc;h;def;odl;idl;res;</Extensions>
    </Filter>
    <Filter Include="Header Files">
      <UniqueIdentifier>{93995380-89BD-4b04-88EB-625FBE52EBFB}</UniqueIdentifier>
      <Extensions>h;hpp;hxx;hm;inl;inc;xsd</Extensions>
    </Filter>
    <Filter Include="Header Files">
      <UniqueIdentifier>{93995380-89BD-4b04-88EB-625FBE52EBFB}</UniqueIdentifier>
      <Extensions>h;hpp;hxx;hm;inl;inc;xsd</Extensions>
    </Filter>
    <Filter Include="Resource Files">
      <UniqueIdentifier>{D9D6E242-F8AF-46E4-B9FD-80ECBC20BA3E}</UniqueIdentifier>
      <Extensions>qrc;*</Extensions>
      <ParseFiles>false</ParseFiles>
    </Filter>
    <Filter Include="Resource Files">
      <UniqueIdentifier>{D9D6E242-F8AF-46E4-B9FD-80ECBC20BA3E}</UniqueIdentifier>
      <Extensions>qrc;*</Extensions>
      <ParseFiles>false</ParseFiles>
    </Filter>
    <Filter Include="Source Files">
      <UniqueIdentifier>{4FC737F1-C7A5-4376-A066-2A32D752A2FF}</UniqueIdentifier>
      <Extensions>cpp;c;cxx;def;odl;idl;hpj;bat;asm;asmx</Extensions>
    </Filter>
    <Filter Include="Source Files">
      <UniqueIdentifier>{4FC737F1-C7A5-4376-A066-2A32D752A2FF}</UniqueIdentifier>
      <Extensions>cpp;c;cxx;def;odl;idl;hpj;bat;asm;asmx</Extensions>
    </Filter>
    <Filter Include="Distribution Files">
      <UniqueIdentifier>{B83CAF91-C7BF-462F-B76C-EA11631F866C}</UniqueIdentifier>
      <Extensions>*</Extensions>
      <ParseFiles>false</ParseFiles>
    </Filter>
    <Filter Include="Distribution Files">
      <UniqueIdentifier>{B83CAF91-C7BF-462F-B76C-EA11631F866C}</UniqueIdentifier>
      <Extensions>*</Extensions>
      <ParseFiles>false</ParseFiles>
    </Filter>
  </ItemGroup>
  <ItemGroup>
    <ClCompile Include="ccfontsize.cpp">
      <Filter>Source Files</Filter>
    </ClCompile>
    <ClCompile Include="cconfigdialog.cpp">
      <Filter>Source Files</Filter>
    </ClCompile>
    <ClCompile Include="ceditview.cpp">
      <Filter>Source Files</Filter>
    </ClCompile>
    <ClCompile Include="chexviewcustom.cpp">
      <Filter>Source Files</Filter>
    </ClCompile>
    <ClCompile Include="chexviewmodel.cpp">
      <Filter>Source Files</Filter>
    </ClCompile>
    <ClCompile Include="chexviewselectionmodel.cpp">
      <Filter>Source Files</Filter>
    </ClCompile>
    <ClCompile Include="chexviewverticalheader.cpp">
      <Filter>Source Files</Filter>
    </ClCompile>
    <ClCompile Include="cmemorymappedfile.cpp">
      <Filter>Source Files</Filter>
    </ClCompile>
    <ClCompile Include="cpropertyview.cpp">
      <Filter>Source Files</Filter>
    </ClCompile>
    <ClCompile Include="csearch.cpp">
      <Filter>Source Files</Filter>
    </ClCompile>
    <ClCompile Include="dialogsavetofile.cpp">
      <Filter>Source Files</Filter>
    </ClCompile>
    <ClCompile Include="main.cpp">
      <Filter>Source Files</Filter>
    </ClCompile>
    <ClCompile Include="mainwindow.cpp">
      <Filter>Source Files</Filter>
    </ClCompile>
  </ItemGroup>
  <ItemGroup>
    <QtMoc Include="ccfontsize.h">
      <Filter>Header Files</Filter>
    </QtMoc>
    <QtMoc Include="cconfigdialog.h">
      <Filter>Header Files</Filter>
    </QtMoc>
    <QtMoc Include="ceditview.h">
      <Filter>Header Files</Filter>
    </QtMoc>
    <QtMoc Include="chexviewcustom.h">
      <Filter>Header Files</Filter>
    </QtMoc>
    <QtMoc Include="chexviewmodel.h">
      <Filter>Header Files</Filter>
    </QtMoc>
    <QtMoc Include="chexviewselectionmodel.h">
      <Filter>Header Files</Filter>
    </QtMoc>
    <QtMoc Include="chexviewverticalheader.h">
      <Filter>Header Files</Filter>
    </QtMoc>
    <ClInclude Include="cmemorymappedfile.h">
      <Filter>Header Files</Filter>
    </ClInclude>
    <QtMoc Include="cpropertyview.h">
      <Filter>Header Files</Filter>
    </QtMoc>
    <QtMoc Include="csearch.h">
      <Filter>Header Files</Filter>
    </QtMoc>
    <ClInclude Include="defines.h">
      <Filter>Header Files</Filter>
    </ClInclude>
    <QtMoc Include="dialogsavetofile.h">
      <Filter>Header Files</Filter>
    </QtMoc>
    <QtMoc Include="mainwindow.h">
      <Filter>Header Files</Filter>
    </QtMoc>
    <ClInclude Include="ver.h">
      <Filter>Header Files</Filter>
    </ClInclude>
    <ClInclude Include="versionhelper.h">
      <Filter>Header Files</Filter>
    </ClInclude>
  </ItemGroup>
  <ItemGroup>
    
    
    
    
    
    
    
    
    
    
    
    
    
    
    
    
    
    
    
    
    
    
    <CustomBuild Include="debug\moc_predefs.h.cbt">
      <Filter>Generated Files</Filter>
    </CustomBuild>
    <CustomBuild Include="release\moc_predefs.h.cbt">
      <Filter>Generated Files</Filter>
    </CustomBuild>
    
    
    <ClInclude Include="ui_cconfigdialog.h">
      <Filter>Generated Files</Filter>
    </ClInclude>
    <ClInclude Include="ui_dialogsavetofile.h">
      <Filter>Generated Files</Filter>
    </ClInclude>
    <ClInclude Include="ui_mainwindow.h">
      <Filter>Generated Files</Filter>
    </ClInclude>
  </ItemGroup>
  <ItemGroup>
    <QtUic Include="cconfigdialog.ui">
      <Filter>Form Files</Filter>
    </QtUic>
    <QtUic Include="dialogsavetofile.ui">
      <Filter>Form Files</Filter>
    </QtUic>
    <QtUic Include="mainwindow.ui">
      <Filter>Form Files</Filter>
    </QtUic>
  </ItemGroup>
  <ItemGroup>
    <QtRcc Include="hexeditor.qrc">
      <Filter>Resource Files</Filter>
    </QtRcc>
    <None Include="data\hexeditor_logo.png">
      <Filter>Resource Files</Filter>
    </None>
    <None Include="data\hexeditor_logo.svg">
      <Filter>Resource Files</Filter>
    </None>
  </ItemGroup>
  <ItemGroup>
    <None Include="ISSUE_TEMPLATE.md">
      <Filter>Distribution Files</Filter>
    </None>
    <None Include="LICENSE">
      <Filter>Distribution Files</Filter>
    </None>
    <None Include="README.md">
      <Filter>Distribution Files</Filter>
    </None>
    <None Include="appveyor.yml">
      <Filter>Distribution Files</Filter>
    </None>
    <None Include="debian\changelog">
      <Filter>Distribution Files</Filter>
    </None>
    <None Include="debian\compat">
      <Filter>Distribution Files</Filter>
    </None>
    <None Include="debian\control">
      <Filter>Distribution Files</Filter>
    </None>
    <None Include="debian\copyright">
      <Filter>Distribution Files</Filter>
    </None>
    <None Include="debian\source\format">
      <Filter>Distribution Files</Filter>
    </None>
    <None Include="data\hexeditor.desktop">
      <Filter>Distribution Files</Filter>
    </None>
    <None Include="debian\hexeditor.install">
      <Filter>Distribution Files</Filter>
    </None>
    <None Include="debian\rules">
      <Filter>Distribution Files</Filter>
    </None>
    <None Include="version.ps1">
      <Filter>Distribution Files</Filter>
    </None>
  </ItemGroup>
  <ItemGroup>
    <ResourceCompile Include="hexeditor.rc" />
  </ItemGroup>
</Project>